
Microsoft Visual Studio Solution File, Format Version 9.00
# Visual Studio 2005
Project("{8BC9CEB8-8B4A-11D0-8D11-00A0C91BC942}") = "Engine", "Engine\Engine.vcproj", "{30B74D54-128F-4522-814A-48DA3753B503}"
EndProject
Project("{8BC9CEB8-8B4A-11D0-8D11-00A0C91BC942}") = "MaxExporter", "MaxExporter\MaxExporter.vcproj", "{E7CB76AA-6113-46BA-8EBC-8AE1D2B81210}"
EndProject
Project("{8BC9CEB8-8B4A-11D0-8D11-00A0C91BC942}") = "GameTetris", "GameTetris\GameTetris.vcproj", "{6B9FA3CD-9CF4-4A1C-AEB0-07449AFFDB75}"
	ProjectSection(ProjectDependencies) = postProject
		{30B74D54-128F-4522-814A-48DA3753B503} = {30B74D54-128F-4522-814A-48DA3753B503}
	EndProjectSection
EndProject
Project("{8BC9CEB8-8B4A-11D0-8D11-00A0C91BC942}") = "GameEmpty", "GameEmpty\GameEmpty.vcproj", "{D5B182BF-87A0-4A9C-9F15-23D19E25F6C6}"
	ProjectSection(ProjectDependencies) = postProject
		{30B74D54-128F-4522-814A-48DA3753B503} = {30B74D54-128F-4522-814A-48DA3753B503}
		{D2F4ECA8-8FF5-40A9-A041-A3BB4AF53FC4} = {D2F4ECA8-8FF5-40A9-A041-A3BB4AF53FC4}
	EndProjectSection
EndProject
Project("{8BC9CEB8-8B4A-11D0-8D11-00A0C91BC942}") = "GameTutorial_BasicTransform", "GameTutorial_BasicTransform\GameTutorial_BasicTransform.vcproj", "{692AE6B6-9D83-4AE3-9F96-B46901510A81}"
	ProjectSection(ProjectDependencies) = postProject
		{30B74D54-128F-4522-814A-48DA3753B503} = {30B74D54-128F-4522-814A-48DA3753B503}
	EndProjectSection
EndProject
Project("{8BC9CEB8-8B4A-11D0-8D11-00A0C91BC942}") = "PluginALAudioSystem", "PluginALAudioSystem\PluginALAudioSystem.vcproj", "{B57911AE-8CC9-4294-BA27-666A2F8D0534}"
	ProjectSection(ProjectDependencies) = postProject
		{30B74D54-128F-4522-814A-48DA3753B503} = {30B74D54-128F-4522-814A-48DA3753B503}
	EndProjectSection
EndProject
Project("{8BC9CEB8-8B4A-11D0-8D11-00A0C91BC942}") = "PluginGLRenderSystem", "PluginGLRenderSystem\PluginGLRenderSystem.vcproj", "{D2F4ECA8-8FF5-40A9-A041-A3BB4AF53FC4}"
	ProjectSection(ProjectDependencies) = postProject
		{30B74D54-128F-4522-814A-48DA3753B503} = {30B74D54-128F-4522-814A-48DA3753B503}
	EndProjectSection
EndProject
Project("{8BC9CEB8-8B4A-11D0-8D11-00A0C91BC942}") = "wxExistenceTool", "wxExistenceTool\wxExistenceTool.vcproj", "{13EC7489-6CD1-45AC-86DE-122185D9FF1F}"
	ProjectSection(ProjectDependencies) = postProject
		{D2F4ECA8-8FF5-40A9-A041-A3BB4AF53FC4} = {D2F4ECA8-8FF5-40A9-A041-A3BB4AF53FC4}
		{30B74D54-128F-4522-814A-48DA3753B503} = {30B74D54-128F-4522-814A-48DA3753B503}
	EndProjectSection
EndProject
Project("{8BC9CEB8-8B4A-11D0-8D11-00A0C91BC942}") = "GameParticle", "GameParticle\GameParticle.vcproj", "{73A364FB-50CD-4250-A853-9FCCEBA39B03}"
	ProjectSection(ProjectDependencies) = postProject
		{D2F4ECA8-8FF5-40A9-A041-A3BB4AF53FC4} = {D2F4ECA8-8FF5-40A9-A041-A3BB4AF53FC4}
		{B57911AE-8CC9-4294-BA27-666A2F8D0534} = {B57911AE-8CC9-4294-BA27-666A2F8D0534}
		{30B74D54-128F-4522-814A-48DA3753B503} = {30B74D54-128F-4522-814A-48DA3753B503}
	EndProjectSection
EndProject
Project("{8BC9CEB8-8B4A-11D0-8D11-00A0C91BC942}") = "GRID", "GRID\GRID.vcproj", "{FAD821F9-3426-4312-9FF2-6CD93DB5274B}"
	ProjectSection(ProjectDependencies) = postProject
		{D2F4ECA8-8FF5-40A9-A041-A3BB4AF53FC4} = {D2F4ECA8-8FF5-40A9-A041-A3BB4AF53FC4}
		{30B74D54-128F-4522-814A-48DA3753B503} = {30B74D54-128F-4522-814A-48DA3753B503}
	EndProjectSection
EndProject
Project("{8BC9CEB8-8B4A-11D0-8D11-00A0C91BC942}") = "PluginD3D9RenderSystem", "PluginD3D9RenderSystem\PluginD3D9RenderSystem.vcproj", "{57D0C978-5EC6-403C-8BDF-BF13C2D1D246}"
	ProjectSection(ProjectDependencies) = postProject
		{30B74D54-128F-4522-814A-48DA3753B503} = {30B74D54-128F-4522-814A-48DA3753B503}
	EndProjectSection
EndProject
Project("{8BC9CEB8-8B4A-11D0-8D11-00A0C91BC942}") = "GameCollisionTest", "GameCollisionTest\GameCollisionTest.vcproj", "{E15AB24F-0761-4CFF-9B62-01DE09E24BC1}"
	ProjectSection(ProjectDependencies) = postProject
		{D2F4ECA8-8FF5-40A9-A041-A3BB4AF53FC4} = {D2F4ECA8-8FF5-40A9-A041-A3BB4AF53FC4}
		{30B74D54-128F-4522-814A-48DA3753B503} = {30B74D54-128F-4522-814A-48DA3753B503}
	EndProjectSection
EndProject
Project("{8BC9CEB8-8B4A-11D0-8D11-00A0C91BC942}") = "PluginCgGLRenderSystem", "PluginCgGLRenderSystem\PluginCgGLRenderSystem.vcproj", "{20088597-94DE-4D82-B8AC-3360FF7335C6}"
EndProject
Project("{8BC9CEB8-8B4A-11D0-8D11-00A0C91BC942}") = "GameFps", "GameFps\GameFps.vcproj", "{87DF7561-9EEC-4A8B-9388-25B526EF7001}"
	ProjectSection(ProjectDependencies) = postProject
		{30B74D54-128F-4522-814A-48DA3753B503} = {30B74D54-128F-4522-814A-48DA3753B503}
		{D2F4ECA8-8FF5-40A9-A041-A3BB4AF53FC4} = {D2F4ECA8-8FF5-40A9-A041-A3BB4AF53FC4}
	EndProjectSection
EndProject
Project("{8BC9CEB8-8B4A-11D0-8D11-00A0C91BC942}") = "MaxExporterDll", "MaxExporter\MaxExporterDll\MaxExporterDll.vcproj", "{EA843DCD-F942-4BA5-9EF4-E2125D445C67}"
EndProject
Project("{8BC9CEB8-8B4A-11D0-8D11-00A0C91BC942}") = "GameSkeletal", "GameSkeletal\GameSkeletal.vcproj", "{3BDA2313-9010-4C74-A6A2-35E0B4AB82F1}"
	ProjectSection(ProjectDependencies) = postProject
		{30B74D54-128F-4522-814A-48DA3753B503} = {30B74D54-128F-4522-814A-48DA3753B503}
	EndProjectSection
EndProject
Global
	GlobalSection(SolutionConfigurationPlatforms) = preSolution
		Debug|Win32 = Debug|Win32
		Hybrid|Win32 = Hybrid|Win32
		Release|Win32 = Release|Win32
	EndGlobalSection
	GlobalSection(ProjectConfigurationPlatforms) = postSolution
		{30B74D54-128F-4522-814A-48DA3753B503}.Debug|Win32.ActiveCfg = Debug|Win32
		{30B74D54-128F-4522-814A-48DA3753B503}.Debug|Win32.Build.0 = Debug|Win32
		{30B74D54-128F-4522-814A-48DA3753B503}.Hybrid|Win32.ActiveCfg = Release|Win32
		{30B74D54-128F-4522-814A-48DA3753B503}.Hybrid|Win32.Build.0 = Release|Win32
		{30B74D54-128F-4522-814A-48DA3753B503}.Release|Win32.ActiveCfg = Release|Win32
		{30B74D54-128F-4522-814A-48DA3753B503}.Release|Win32.Build.0 = Release|Win32
		{E7CB76AA-6113-46BA-8EBC-8AE1D2B81210}.Debug|Win32.ActiveCfg = Debug|Win32
		{E7CB76AA-6113-46BA-8EBC-8AE1D2B81210}.Debug|Win32.Build.0 = Debug|Win32
		{E7CB76AA-6113-46BA-8EBC-8AE1D2B81210}.Hybrid|Win32.ActiveCfg = Hybrid|Win32
		{E7CB76AA-6113-46BA-8EBC-8AE1D2B81210}.Hybrid|Win32.Build.0 = Hybrid|Win32
		{E7CB76AA-6113-46BA-8EBC-8AE1D2B81210}.Release|Win32.ActiveCfg = Release|Win32
		{E7CB76AA-6113-46BA-8EBC-8AE1D2B81210}.Release|Win32.Build.0 = Release|Win32
		{6B9FA3CD-9CF4-4A1C-AEB0-07449AFFDB75}.Debug|Win32.ActiveCfg = Debug|Win32
		{6B9FA3CD-9CF4-4A1C-AEB0-07449AFFDB75}.Debug|Win32.Build.0 = Debug|Win32
		{6B9FA3CD-9CF4-4A1C-AEB0-07449AFFDB75}.Hybrid|Win32.ActiveCfg = Release|Win32
		{6B9FA3CD-9CF4-4A1C-AEB0-07449AFFDB75}.Hybrid|Win32.Build.0 = Release|Win32
		{6B9FA3CD-9CF4-4A1C-AEB0-07449AFFDB75}.Release|Win32.ActiveCfg = Release|Win32
		{6B9FA3CD-9CF4-4A1C-AEB0-07449AFFDB75}.Release|Win32.Build.0 = Release|Win32
		{D5B182BF-87A0-4A9C-9F15-23D19E25F6C6}.Debug|Win32.ActiveCfg = Debug|Win32
		{D5B182BF-87A0-4A9C-9F15-23D19E25F6C6}.Debug|Win32.Build.0 = Debug|Win32
		{D5B182BF-87A0-4A9C-9F15-23D19E25F6C6}.Hybrid|Win32.ActiveCfg = Release|Win32
		{D5B182BF-87A0-4A9C-9F15-23D19E25F6C6}.Hybrid|Win32.Build.0 = Release|Win32
		{D5B182BF-87A0-4A9C-9F15-23D19E25F6C6}.Release|Win32.ActiveCfg = Release|Win32
		{D5B182BF-87A0-4A9C-9F15-23D19E25F6C6}.Release|Win32.Build.0 = Release|Win32
		{692AE6B6-9D83-4AE3-9F96-B46901510A81}.Debug|Win32.ActiveCfg = Debug|Win32
		{692AE6B6-9D83-4AE3-9F96-B46901510A81}.Debug|Win32.Build.0 = Debug|Win32
		{692AE6B6-9D83-4AE3-9F96-B46901510A81}.Hybrid|Win32.ActiveCfg = Release|Win32
		{692AE6B6-9D83-4AE3-9F96-B46901510A81}.Hybrid|Win32.Build.0 = Release|Win32
		{692AE6B6-9D83-4AE3-9F96-B46901510A81}.Release|Win32.ActiveCfg = Release|Win32
		{692AE6B6-9D83-4AE3-9F96-B46901510A81}.Release|Win32.Build.0 = Release|Win32
		{B57911AE-8CC9-4294-BA27-666A2F8D0534}.Debug|Win32.ActiveCfg = Debug|Win32
		{B57911AE-8CC9-4294-BA27-666A2F8D0534}.Debug|Win32.Build.0 = Debug|Win32
		{B57911AE-8CC9-4294-BA27-666A2F8D0534}.Hybrid|Win32.ActiveCfg = Release|Win32
		{B57911AE-8CC9-4294-BA27-666A2F8D0534}.Hybrid|Win32.Build.0 = Release|Win32
		{B57911AE-8CC9-4294-BA27-666A2F8D0534}.Release|Win32.ActiveCfg = Release|Win32
		{B57911AE-8CC9-4294-BA27-666A2F8D0534}.Release|Win32.Build.0 = Release|Win32
		{D2F4ECA8-8FF5-40A9-A041-A3BB4AF53FC4}.Debug|Win32.ActiveCfg = Debug|Win32
		{D2F4ECA8-8FF5-40A9-A041-A3BB4AF53FC4}.Debug|Win32.Build.0 = Debug|Win32
		{D2F4ECA8-8FF5-40A9-A041-A3BB4AF53FC4}.Hybrid|Win32.ActiveCfg = Release|Win32
		{D2F4ECA8-8FF5-40A9-A041-A3BB4AF53FC4}.Hybrid|Win32.Build.0 = Release|Win32
		{D2F4ECA8-8FF5-40A9-A041-A3BB4AF53FC4}.Release|Win32.ActiveCfg = Release|Win32
		{D2F4ECA8-8FF5-40A9-A041-A3BB4AF53FC4}.Release|Win32.Build.0 = Release|Win32
		{13EC7489-6CD1-45AC-86DE-122185D9FF1F}.Debug|Win32.ActiveCfg = Debug|Win32
		{13EC7489-6CD1-45AC-86DE-122185D9FF1F}.Debug|Win32.Build.0 = Debug|Win32
		{13EC7489-6CD1-45AC-86DE-122185D9FF1F}.Hybrid|Win32.ActiveCfg = Release|Win32
		{13EC7489-6CD1-45AC-86DE-122185D9FF1F}.Hybrid|Win32.Build.0 = Release|Win32
		{13EC7489-6CD1-45AC-86DE-122185D9FF1F}.Release|Win32.ActiveCfg = Release|Win32
		{13EC7489-6CD1-45AC-86DE-122185D9FF1F}.Release|Win32.Build.0 = Release|Win32
		{73A364FB-50CD-4250-A853-9FCCEBA39B03}.Debug|Win32.ActiveCfg = Debug|Win32
		{73A364FB-50CD-4250-A853-9FCCEBA39B03}.Debug|Win32.Build.0 = Debug|Win32
		{73A364FB-50CD-4250-A853-9FCCEBA39B03}.Hybrid|Win32.ActiveCfg = Release|Win32
		{73A364FB-50CD-4250-A853-9FCCEBA39B03}.Hybrid|Win32.Build.0 = Release|Win32
		{73A364FB-50CD-4250-A853-9FCCEBA39B03}.Release|Win32.ActiveCfg = Release|Win32
		{73A364FB-50CD-4250-A853-9FCCEBA39B03}.Release|Win32.Build.0 = Release|Win32
		{FAD821F9-3426-4312-9FF2-6CD93DB5274B}.Debug|Win32.ActiveCfg = Debug|Win32
		{FAD821F9-3426-4312-9FF2-6CD93DB5274B}.Debug|Win32.Build.0 = Debug|Win32
		{FAD821F9-3426-4312-9FF2-6CD93DB5274B}.Hybrid|Win32.ActiveCfg = Release|Win32
		{FAD821F9-3426-4312-9FF2-6CD93DB5274B}.Hybrid|Win32.Build.0 = Release|Win32
		{FAD821F9-3426-4312-9FF2-6CD93DB5274B}.Release|Win32.ActiveCfg = Release|Win32
		{FAD821F9-3426-4312-9FF2-6CD93DB5274B}.Release|Win32.Build.0 = Release|Win32
		{57D0C978-5EC6-403C-8BDF-BF13C2D1D246}.Debug|Win32.ActiveCfg = Debug|Win32
		{57D0C978-5EC6-403C-8BDF-BF13C2D1D246}.Debug|Win32.Build.0 = Debug|Win32
		{57D0C978-5EC6-403C-8BDF-BF13C2D1D246}.Hybrid|Win32.ActiveCfg = Release|Win32
		{57D0C978-5EC6-403C-8BDF-BF13C2D1D246}.Hybrid|Win32.Build.0 = Release|Win32
		{57D0C978-5EC6-403C-8BDF-BF13C2D1D246}.Release|Win32.ActiveCfg = Release|Win32
		{57D0C978-5EC6-403C-8BDF-BF13C2D1D246}.Release|Win32.Build.0 = Release|Win32
		{E15AB24F-0761-4CFF-9B62-01DE09E24BC1}.Debug|Win32.ActiveCfg = Debug|Win32
		{E15AB24F-0761-4CFF-9B62-01DE09E24BC1}.Debug|Win32.Build.0 = Debug|Win32
		{E15AB24F-0761-4CFF-9B62-01DE09E24BC1}.Hybrid|Win32.ActiveCfg = Release|Win32
		{E15AB24F-0761-4CFF-9B62-01DE09E24BC1}.Hybrid|Win32.Build.0 = Release|Win32
		{E15AB24F-0761-4CFF-9B62-01DE09E24BC1}.Release|Win32.ActiveCfg = Release|Win32
		{E15AB24F-0761-4CFF-9B62-01DE09E24BC1}.Release|Win32.Build.0 = Release|Win32
		{20088597-94DE-4D82-B8AC-3360FF7335C6}.Debug|Win32.ActiveCfg = Debug|Win32
		{20088597-94DE-4D82-B8AC-3360FF7335C6}.Debug|Win32.Build.0 = Debug|Win32
		{20088597-94DE-4D82-B8AC-3360FF7335C6}.Hybrid|Win32.ActiveCfg = Release|Win32
		{20088597-94DE-4D82-B8AC-3360FF7335C6}.Hybrid|Win32.Build.0 = Release|Win32
		{20088597-94DE-4D82-B8AC-3360FF7335C6}.Release|Win32.ActiveCfg = Release|Win32
		{20088597-94DE-4D82-B8AC-3360FF7335C6}.Release|Win32.Build.0 = Release|Win32
		{87DF7561-9EEC-4A8B-9388-25B526EF7001}.Debug|Win32.ActiveCfg = Debug|Win32
		{87DF7561-9EEC-4A8B-9388-25B526EF7001}.Debug|Win32.Build.0 = Debug|Win32
		{87DF7561-9EEC-4A8B-9388-25B526EF7001}.Hybrid|Win32.ActiveCfg = Release|Win32
		{87DF7561-9EEC-4A8B-9388-25B526EF7001}.Hybrid|Win32.Build.0 = Release|Win32
		{87DF7561-9EEC-4A8B-9388-25B526EF7001}.Release|Win32.ActiveCfg = Release|Win32
		{87DF7561-9EEC-4A8B-9388-25B526EF7001}.Release|Win32.Build.0 = Release|Win32
		{EA843DCD-F942-4BA5-9EF4-E2125D445C67}.Debug|Win32.ActiveCfg = Debug|Win32
		{EA843DCD-F942-4BA5-9EF4-E2125D445C67}.Debug|Win32.Build.0 = Debug|Win32
		{EA843DCD-F942-4BA5-9EF4-E2125D445C67}.Hybrid|Win32.ActiveCfg = Release|Win32
		{EA843DCD-F942-4BA5-9EF4-E2125D445C67}.Hybrid|Win32.Build.0 = Release|Win32
		{EA843DCD-F942-4BA5-9EF4-E2125D445C67}.Release|Win32.ActiveCfg = Release|Win32
		{EA843DCD-F942-4BA5-9EF4-E2125D445C67}.Release|Win32.Build.0 = Release|Win32
		{3BDA2313-9010-4C74-A6A2-35E0B4AB82F1}.Debug|Win32.ActiveCfg = Debug|Win32
		{3BDA2313-9010-4C74-A6A2-35E0B4AB82F1}.Debug|Win32.Build.0 = Debug|Win32
		{3BDA2313-9010-4C74-A6A2-35E0B4AB82F1}.Hybrid|Win32.ActiveCfg = Release|Win32
		{3BDA2313-9010-4C74-A6A2-35E0B4AB82F1}.Hybrid|Win32.Build.0 = Release|Win32
		{3BDA2313-9010-4C74-A6A2-35E0B4AB82F1}.Release|Win32.ActiveCfg = Release|Win32
		{3BDA2313-9010-4C74-A6A2-35E0B4AB82F1}.Release|Win32.Build.0 = Release|Win32
	EndGlobalSection
	GlobalSection(SolutionProperties) = preSolution
		HideSolutionNode = FALSE
	EndGlobalSection
EndGlobal
